// !$*UTF8*$!
{
	archiveVersion = 1;
	classes = {
	};
	objectVersion = 56;
	objects = {

/* Begin PBXBuildFile section */
		572D7EF6297D682100A4D044 /* DesignExampleApp.swift in Sources */ = {isa = PBXBuildFile; fileRef = 572D7EF5297D682100A4D044 /* DesignExampleApp.swift */; };
		572D7EF8297D682100A4D044 /* ContentView.swift in Sources */ = {isa = PBXBuildFile; fileRef = 572D7EF7297D682100A4D044 /* ContentView.swift */; };
		572D7EFA297D682300A4D044 /* Assets.xcassets in Resources */ = {isa = PBXBuildFile; fileRef = 572D7EF9297D682300A4D044 /* Assets.xcassets */; };
		572D7EFD297D682300A4D044 /* Preview Assets.xcassets in Resources */ = {isa = PBXBuildFile; fileRef = 572D7EFC297D682300A4D044 /* Preview Assets.xcassets */; };
		572D7F04297D971A00A4D044 /* MenuView.swift in Sources */ = {isa = PBXBuildFile; fileRef = 572D7F03297D971A00A4D044 /* MenuView.swift */; };
		572D7F06297D9DF900A4D044 /* Home.swift in Sources */ = {isa = PBXBuildFile; fileRef = 572D7F05297D9DF900A4D044 /* Home.swift */; };
		572D7F08297DA63500A4D044 /* HomeView.swift in Sources */ = {isa = PBXBuildFile; fileRef = 572D7F07297DA63500A4D044 /* HomeView.swift */; };
		572D7F0A297DD36B00A4D044 /* RingView.swift in Sources */ = {isa = PBXBuildFile; fileRef = 572D7F09297DD36B00A4D044 /* RingView.swift */; };
/* End PBXBuildFile section */

/* Begin PBXFileReference section */
		572D7EF2297D682100A4D044 /* DesignExample.app */ = {isa = PBXFileReference; explicitFileType = wrapper.application; includeInIndex = 0; path = DesignExample.app; sourceTree = BUILT_PRODUCTS_DIR; };
		572D7EF5297D682100A4D044 /* DesignExampleApp.swift */ = {isa = PBXFileReference; lastKnownFileType = sourcecode.swift; path = DesignExampleApp.swift; sourceTree = "<group>"; };
		572D7EF7297D682100A4D044 /* ContentView.swift */ = {isa = PBXFileReference; lastKnownFileType = sourcecode.swift; path = ContentView.swift; sourceTree = "<group>"; };
		572D7EF9297D682300A4D044 /* Assets.xcassets */ = {isa = PBXFileReference; lastKnownFileType = folder.assetcatalog; path = Assets.xcassets; sourceTree = "<group>"; };
		572D7EFC297D682300A4D044 /* Preview Assets.xcassets */ = {isa = PBXFileReference; lastKnownFileType = folder.assetcatalog; path = "Preview Assets.xcassets"; sourceTree = "<group>"; };
		572D7F03297D971A00A4D044 /* MenuView.swift */ = {isa = PBXFileReference; lastKnownFileType = sourcecode.swift; path = MenuView.swift; sourceTree = "<group>"; };
		572D7F05297D9DF900A4D044 /* Home.swift */ = {isa = PBXFileReference; lastKnownFileType = sourcecode.swift; path = Home.swift; sourceTree = "<group>"; };
		572D7F07297DA63500A4D044 /* HomeView.swift */ = {isa = PBXFileReference; lastKnownFileType = sourcecode.swift; path = HomeView.swift; sourceTree = "<group>"; };
		572D7F09297DD36B00A4D044 /* RingView.swift */ = {isa = PBXFileReference; lastKnownFileType = sourcecode.swift; path = RingView.swift; sourceTree = "<group>"; };
/* End PBXFileReference section */

/* Begin PBXFrameworksBuildPhase section */
		572D7EEF297D682100A4D044 /* Frameworks */ = {
			isa = PBXFrameworksBuildPhase;
			buildActionMask = 2147483647;
			files = (
			);
			runOnlyForDeploymentPostprocessing = 0;
		};
/* End PBXFrameworksBuildPhase section */

/* Begin PBXGroup section */
		572D7EE9297D682100A4D044 = {
			isa = PBXGroup;
			children = (
				572D7EF4297D682100A4D044 /* DesignExample */,
				572D7EF3297D682100A4D044 /* Products */,
			);
			sourceTree = "<group>";
		};
		572D7EF3297D682100A4D044 /* Products */ = {
			isa = PBXGroup;
			children = (
				572D7EF2297D682100A4D044 /* DesignExample.app */,
			);
			name = Products;
			sourceTree = "<group>";
		};
		572D7EF4297D682100A4D044 /* DesignExample */ = {
			isa = PBXGroup;
			children = (
				572D7EF5297D682100A4D044 /* DesignExampleApp.swift */,
				572D7F07297DA63500A4D044 /* HomeView.swift */,
				572D7F03297D971A00A4D044 /* MenuView.swift */,
				572D7EF7297D682100A4D044 /* ContentView.swift */,
				572D7F05297D9DF900A4D044 /* Home.swift */,
				572D7F09297DD36B00A4D044 /* RingView.swift */,
				572D7EF9297D682300A4D044 /* Assets.xcassets */,
				572D7EFB297D682300A4D044 /* Preview Content */,
			);
			path = DesignExample;
			sourceTree = "<group>";
		};
		572D7EFB297D682300A4D044 /* Preview Content */ = {
			isa = PBXGroup;
			children = (
				572D7EFC297D682300A4D044 /* Preview Assets.xcassets */,
			);
			path = "Preview Content";
			sourceTree = "<group>";
		};
/* End PBXGroup section */

/* Begin PBXNativeTarget section */
		572D7EF1297D682100A4D044 /* DesignExample */ = {
			isa = PBXNativeTarget;
			buildConfigurationList = 572D7F00297D682300A4D044 /* Build configuration list for PBXNativeTarget "DesignExample" */;
			buildPhases = (
				572D7EEE297D682100A4D044 /* Sources */,
				572D7EEF297D682100A4D044 /* Frameworks */,
				572D7EF0297D682100A4D044 /* Resources */,
			);
			buildRules = (
			);
			dependencies = (
			);
			name = DesignExample;
			productName = DesignExample;
			productReference = 572D7EF2297D682100A4D044 /* DesignExample.app */;
			productType = "com.apple.product-type.application";
		};
/* End PBXNativeTarget section */

/* Begin PBXProject section */
		572D7EEA297D682100A4D044 /* Project object */ = {
			isa = PBXProject;
			attributes = {
				BuildIndependentTargetsInParallel = 1;
				LastSwiftUpdateCheck = 1420;
				LastUpgradeCheck = 1420;
				TargetAttributes = {
					572D7EF1297D682100A4D044 = {
						CreatedOnToolsVersion = 14.2;
					};
				};
			};
			buildConfigurationList = 572D7EED297D682100A4D044 /* Build configuration list for PBXProject "DesignExample" */;
			compatibilityVersion = "Xcode 14.0";
			developmentRegion = en;
			hasScannedForEncodings = 0;
			knownRegions = (
				en,
				Base,
			);
			mainGroup = 572D7EE9297D682100A4D044;
			productRefGroup = 572D7EF3297D682100A4D044 /* Products */;
			projectDirPath = "";
			projectRoot = "";
			targets = (
				572D7EF1297D682100A4D044 /* DesignExample */,
			);
		};
/* End PBXProject section */

/* Begin PBXResourcesBuildPhase section */
		572D7EF0297D682100A4D044 /* Resources */ = {
			isa = PBXResourcesBuildPhase;
			buildActionMask = 2147483647;
			files = (
				572D7EFD297D682300A4D044 /* Preview Assets.xcassets in Resources */,
				572D7EFA297D682300A4D044 /* Assets.xcassets in Resources */,
			);
			runOnlyForDeploymentPostprocessing = 0;
		};
/* End PBXResourcesBuildPhase section */

/* Begin PBXSourcesBuildPhase section */
		572D7EEE297D682100A4D044 /* Sources */ = {
			isa = PBXSourcesBuildPhase;
			buildActionMask = 2147483647;
			files = (
				572D7F0A297DD36B00A4D044 /* RingView.swift in Sources */,
				572D7EF8297D682100A4D044 /* ContentView.swift in Sources */,
				572D7F06297D9DF900A4D044 /* Home.swift in Sources */,
				572D7F08297DA63500A4D044 /* HomeView.swift in Sources */,
				572D7F04297D971A00A4D044 /* MenuView.swift in Sources */,
				572D7EF6297D682100A4D044 /* DesignExampleApp.swift in Sources */,
			);
			runOnlyForDeploymentPostprocessing = 0;
		};
/* End PBXSourcesBuildPhase section */

/* Begin XCBuildConfiguration section */
		572D7EFE297D682300A4D044 /* Debug */ = {
			isa = XCBuildConfiguration;
			buildSettings = {
				ALWAYS_SEARCH_USER_PATHS = NO;
				CLANG_ANALYZER_NONNULL = YES;
				CLANG_ANALYZER_NUMBER_OBJECT_CONVERSION = YES_AGGRESSIVE;
				CLANG_CXX_LANGUAGE_STANDARD = "gnu++20";
				CLANG_ENABLE_MODULES = YES;
				CLANG_ENABLE_OBJC_ARC = YES;
				CLANG_ENABLE_OBJC_WEAK = YES;
				CLANG_WARN_BLOCK_CAPTURE_AUTORELEASING = YES;
				CLANG_WARN_BOOL_CONVERSION = YES;
				CLANG_WARN_COMMA = YES;
				CLANG_WARN_CONSTANT_CONVERSION = YES;
				CLANG_WARN_DEPRECATED_OBJC_IMPLEMENTATIONS = YES;
				CLANG_WARN_DIRECT_OBJC_ISA_USAGE = YES_ERROR;
				CLANG_WARN_DOCUMENTATION_COMMENTS = YES;
				CLANG_WARN_EMPTY_BODY = YES;
				CLANG_WARN_ENUM_CONVERSION = YES;
				CLANG_WARN_INFINITE_RECURSION = YES;
				CLANG_WARN_INT_CONVERSION = YES;
				CLANG_WARN_NON_LITERAL_NULL_CONVERSION = YES;
				CLANG_WARN_OBJC_IMPLICIT_RETAIN_SELF = YES;
				CLANG_WARN_OBJC_LITERAL_CONVERSION = YES;
				CLANG_WARN_OBJC_ROOT_CLASS = YES_ERROR;
				CLANG_WARN_QUOTED_INCLUDE_IN_FRAMEWORK_HEADER = YES;
				CLANG_WARN_RANGE_LOOP_ANALYSIS = YES;
				CLANG_WARN_STRICT_PROTOTYPES = YES;
				CLANG_WARN_SUSPICIOUS_MOVE = YES;
				CLANG_WARN_UNGUARDED_AVAILABILITY = YES_AGGRESSIVE;
				CLANG_WARN_UNREACHABLE_CODE = YES;
				CLANG_WARN__DUPLICATE_METHOD_MATCH = YES;
				COPY_PHASE_STRIP = NO;
				DEBUG_INFORMATION_FORMAT = dwarf;
				ENABLE_STRICT_OBJC_MSGSEND = YES;
				ENABLE_TESTABILITY = YES;
				GCC_C_LANGUAGE_STANDARD = gnu11;
				GCC_DYNAMIC_NO_PIC = NO;
				GCC_NO_COMMON_BLOCKS = YES;
				GCC_OPTIMIZATION_LEVEL = 0;
				GCC_PREPROCESSOR_DEFINITIONS = (
					"DEBUG=1",
					"$(inherited)",
				);
				GCC_WARN_64_TO_32_BIT_CONVERSION = YES;
				GCC_WARN_ABOUT_RETURN_TYPE = YES_ERROR;
				GCC_WARN_UNDECLARED_SELECTOR = YES;
				GCC_WARN_UNINITIALIZED_AUTOS = YES_AGGRESSIVE;
				GCC_WARN_UNUSED_FUNCTION = YES;
				GCC_WARN_UNUSED_VARIABLE = YES;
				IPHONEOS_DEPLOYMENT_TARGET = 16.2;
				MTL_ENABLE_DEBUG_INFO = INCLUDE_SOURCE;
				MTL_FAST_MATH = YES;
				ONLY_ACTIVE_ARCH = YES;
				SDKROOT = iphoneos;
				SWIFT_ACTIVE_COMPILATION_CONDITIONS = DEBUG;
				SWIFT_OPTIMIZATION_LEVEL = "-Onone";
			};
			name = Debug;
		};
		572D7EFF297D682300A4D044 /* Release */ = {
			isa = XCBuildConfiguration;
			buildSettings = {
				ALWAYS_SEARCH_USER_PATHS = NO;
				CLANG_ANALYZER_NONNULL = YES;
				CLANG_ANALYZER_NUMBER_OBJECT_CONVERSION = YES_AGGRESSIVE;
				CLANG_CXX_LANGUAGE_STANDARD = "gnu++20";
				CLANG_ENABLE_MODULES = YES;
				CLANG_ENABLE_OBJC_ARC = YES;
				CLANG_ENABLE_OBJC_WEAK = YES;
				CLANG_WARN_BLOCK_CAPTURE_AUTORELEASING = YES;
				CLANG_WARN_BOOL_CONVERSION = YES;
				CLANG_WARN_COMMA = YES;
				CLANG_WARN_CONSTANT_CONVERSION = YES;
				CLANG_WARN_DEPRECATED_OBJC_IMPLEMENTATIONS = YES;
				CLANG_WARN_DIRECT_OBJC_ISA_USAGE = YES_ERROR;
				CLANG_WARN_DOCUMENTATION_COMMENTS = YES;
				CLANG_WARN_EMPTY_BODY = YES;
				CLANG_WARN_ENUM_CONVERSION = YES;
				CLANG_WARN_INFINITE_RECURSION = YES;
				CLANG_WARN_INT_CONVERSION = YES;
				CLANG_WARN_NON_LITERAL_NULL_CONVERSION = YES;
				CLANG_WARN_OBJC_IMPLICIT_RETAIN_SELF = YES;
				CLANG_WARN_OBJC_LITERAL_CONVERSION = YES;
				CLANG_WARN_OBJC_ROOT_CLASS = YES_ERROR;
				CLANG_WARN_QUOTED_INCLUDE_IN_FRAMEWORK_HEADER = YES;
				CLANG_WARN_RANGE_LOOP_ANALYSIS = YES;
				CLANG_WARN_STRICT_PROTOTYPES = YES;
				CLANG_WARN_SUSPICIOUS_MOVE = YES;
				CLANG_WARN_UNGUARDED_AVAILABILITY = YES_AGGRESSIVE;
				CLANG_WARN_UNREACHABLE_CODE = YES;
				CLANG_WARN__DUPLICATE_METHOD_MATCH = YES;
				COPY_PHASE_STRIP = NO;
				DEBUG_INFORMATION_FORMAT = "dwarf-with-dsym";
				ENABLE_NS_ASSERTIONS = NO;
				ENABLE_STRICT_OBJC_MSGSEND = YES;
				GCC_C_LANGUAGE_STANDARD = gnu11;
				GCC_NO_COMMON_BLOCKS = YES;
				GCC_WARN_64_TO_32_BIT_CONVERSION = YES;
				GCC_WARN_ABOUT_RETURN_TYPE = YES_ERROR;
				GCC_WARN_UNDECLARED_SELECTOR = YES;
				GCC_WARN_UNINITIALIZED_AUTOS = YES_AGGRESSIVE;
				GCC_WARN_UNUSED_FUNCTION = YES;
				GCC_WARN_UNUSED_VARIABLE = YES;
				IPHONEOS_DEPLOYMENT_TARGET = 16.2;
				MTL_ENABLE_DEBUG_INFO = NO;
				MTL_FAST_MATH = YES;
				SDKROOT = iphoneos;
				SWIFT_COMPILATION_MODE = wholemodule;
				SWIFT_OPTIMIZATION_LEVEL = "-O";
				VALIDATE_PRODUCT = YES;
			};
			name = Release;
		};
		572D7F01297D682300A4D044 /* Debug */ = {
			isa = XCBuildConfiguration;
			buildSettings = {
				ASSETCATALOG_COMPILER_APPICON_NAME = AppIcon;
				ASSETCATALOG_COMPILER_GLOBAL_ACCENT_COLOR_NAME = AccentColor;
				CODE_SIGN_STYLE = Automatic;
				CURRENT_PROJECT_VERSION = 1;
				DEVELOPMENT_ASSET_PATHS = "\"DesignExample/Preview Content\"";
				DEVELOPMENT_TEAM = 6CQH4W96NM;
				ENABLE_PREVIEWS = YES;
				GENERATE_INFOPLIST_FILE = YES;
				INFOPLIST_KEY_UIApplicationSceneManifest_Generation = YES;
				INFOPLIST_KEY_UIApplicationSupportsIndirectInputEvents = YES;
				INFOPLIST_KEY_UILaunchScreen_Generation = YES;
				INFOPLIST_KEY_UISupportedInterfaceOrientations_iPad = "UIInterfaceOrientationPortrait UIInterfaceOrientationPortraitUpsideDown UIInterfaceOrientationLandscapeLeft UIInterfaceOrientationLandscapeRight";
				INFOPLIST_KEY_UISupportedInterfaceOrientations_iPhone = "UIInterfaceOrientationPortrait UIInterfaceOrientationLandscapeLeft UIInterfaceOrientationLandscapeRight";
				LD_RUNPATH_SEARCH_PATHS = (
					"$(inherited)",
					"@executable_path/Frameworks",
				);
				MARKETING_VERSION = 1.0;
				PRODUCT_BUNDLE_IDENTIFIER = com.walkTracking.app.DesignExample;
				PRODUCT_NAME = "$(TARGET_NAME)";
				SWIFT_EMIT_LOC_STRINGS = YES;
				SWIFT_VERSION = 5.0;
				TARGETED_DEVICE_FAMILY = "1,2";
			};
			name = Debug;
		};
		572D7F02297D682300A4D044 /* Release */ = {
			isa = XCBuildConfiguration;
			buildSettings = {
				ASSETCATALOG_COMPILER_APPICON_NAME = AppIcon;
				ASSETCATALOG_COMPILER_GLOBAL_ACCENT_COLOR_NAME = AccentColor;
				CODE_SIGN_STYLE = Automatic;
				CURRENT_PROJECT_VERSION = 1;
				DEVELOPMENT_ASSET_PATHS = "\"DesignExample/Preview Content\"";
				DEVELOPMENT_TEAM = 6CQH4W96NM;
				ENABLE_PREVIEWS = YES;
				GENERATE_INFOPLIST_FILE = YES;
				INFOPLIST_KEY_UIApplicationSceneManifest_Generation = YES;
				INFOPLIST_KEY_UIApplicationSupportsIndirectInputEvents = YES;
				INFOPLIST_KEY_UILaunchScreen_Generation = YES;
				INFOPLIST_KEY_UISupportedInterfaceOrientations_iPad = "UIInterfaceOrientationPortrait UIInterfaceOrientationPortraitUpsideDown UIInterfaceOrientationLandscapeLeft UIInterfaceOrientationLandscapeRight";
				INFOPLIST_KEY_UISupportedInterfaceOrientations_iPhone = "UIInterfaceOrientationPortrait UIInterfaceOrientationLandscapeLeft UIInterfaceOrientationLandscapeRight";
				LD_RUNPATH_SEARCH_PATHS = (
					"$(inherited)",
					"@executable_path/Frameworks",
				);
				MARKETING_VERSION = 1.0;
				PRODUCT_BUNDLE_IDENTIFIER = com.walkTracking.app.DesignExample;
				PRODUCT_NAME = "$(TARGET_NAME)";
				SWIFT_EMIT_LOC_STRINGS = YES;
				SWIFT_VERSION = 5.0;
				TARGETED_DEVICE_FAMILY = "1,2";
			};
			name = Release;
		};
/* End XCBuildConfiguration section */

/* Begin XCConfigurationList section */
		572D7EED297D682100A4D044 /* Build configuration list for PBXProject "DesignExample" */ = {
			isa = XCConfigurationList;
			buildConfigurations = (
				572D7EFE297D682300A4D044 /* Debug */,
				572D7EFF297D682300A4D044 /* Release */,
			);
			defaultConfigurationIsVisible = 0;
			defaultConfigurationName = Release;
		};
		572D7F00297D682300A4D044 /* Build configuration list for PBXNativeTarget "DesignExample" */ = {
			isa = XCConfigurationList;
			buildConfigurations = (
				572D7F01297D682300A4D044 /* Debug */,
				572D7F02297D682300A4D044 /* Release */,
			);
			defaultConfigurationIsVisible = 0;
			defaultConfigurationName = Release;
		};
/* End XCConfigurationList section */
	};
	rootObject = 572D7EEA297D682100A4D044 /* Project object */;
}
